// !$*UTF8*$!
{
	archiveVersion = 1;
	classes = {
	};
	objectVersion = 46;
	objects = {

/* Begin PBXBuildFile section */
		F5012B721F22876500A3458C /* AppDelegate.swift in Sources */ = {isa = PBXBuildFile; fileRef = F5012B711F22876500A3458C /* AppDelegate.swift */; };
		F5012B741F22876500A3458C /* ViewController.swift in Sources */ = {isa = PBXBuildFile; fileRef = F5012B731F22876500A3458C /* ViewController.swift */; };
		F5012B771F22876600A3458C /* Main.storyboard in Resources */ = {isa = PBXBuildFile; fileRef = F5012B751F22876500A3458C /* Main.storyboard */; };
		F5012B791F22876600A3458C /* Assets.xcassets in Resources */ = {isa = PBXBuildFile; fileRef = F5012B781F22876600A3458C /* Assets.xcassets */; };
		F5012B7C1F22876600A3458C /* LaunchScreen.storyboard in Resources */ = {isa = PBXBuildFile; fileRef = F5012B7A1F22876600A3458C /* LaunchScreen.storyboard */; };
		F5012B871F22876600A3458C /* FoodTrackerTests.swift in Sources */ = {isa = PBXBuildFile; fileRef = F5012B861F22876600A3458C /* FoodTrackerTests.swift */; };
/* End PBXBuildFile section */

/* Begin PBXContainerItemProxy section */
		F5012B831F22876600A3458C /* PBXContainerItemProxy */ = {
			isa = PBXContainerItemProxy;
			containerPortal = F5012B661F22876500A3458C /* Project object */;
			proxyType = 1;
			remoteGlobalIDString = F5012B6D1F22876500A3458C;
			remoteInfo = FoodTracker;
		};
/* End PBXContainerItemProxy section */

/* Begin PBXFileReference section */
		F5012B6E1F22876500A3458C /* FoodTracker.app */ = {isa = PBXFileReference; explicitFileType = wrapper.application; includeInIndex = 0; path = FoodTracker.app; sourceTree = BUILT_PRODUCTS_DIR; };
		F5012B711F22876500A3458C /* AppDelegate.swift */ = {isa = PBXFileReference; lastKnownFileType = sourcecode.swift; path = AppDelegate.swift; sourceTree = "<group>"; };
		F5012B731F22876500A3458C /* ViewController.swift */ = {isa = PBXFileReference; lastKnownFileType = sourcecode.swift; path = ViewController.swift; sourceTree = "<group>"; };
		F5012B761F22876500A3458C /* Base */ = {isa = PBXFileReference; lastKnownFileType = file.storyboard; name = Base; path = Base.lproj/Main.storyboard; sourceTree = "<group>"; };
		F5012B781F22876600A3458C /* Assets.xcassets */ = {isa = PBXFileReference; lastKnownFileType = folder.assetcatalog; path = Assets.xcassets; sourceTree = "<group>"; };
		F5012B7B1F22876600A3458C /* Base */ = {isa = PBXFileReference; lastKnownFileType = file.storyboard; name = Base; path = Base.lproj/LaunchScreen.storyboard; sourceTree = "<group>"; };
		F5012B7D1F22876600A3458C /* Info.plist */ = {isa = PBXFileReference; lastKnownFileType = text.plist.xml; path = Info.plist; sourceTree = "<group>"; };
		F5012B821F22876600A3458C /* FoodTrackerTests.xctest */ = {isa = PBXFileReference; explicitFileType = wrapper.cfbundle; includeInIndex = 0; path = FoodTrackerTests.xctest; sourceTree = BUILT_PRODUCTS_DIR; };
		F5012B861F22876600A3458C /* FoodTrackerTests.swift */ = {isa = PBXFileReference; lastKnownFileType = sourcecode.swift; path = FoodTrackerTests.swift; sourceTree = "<group>"; };
		F5012B881F22876600A3458C /* Info.plist */ = {isa = PBXFileReference; lastKnownFileType = text.plist.xml; path = Info.plist; sourceTree = "<group>"; };
/* End PBXFileReference section */

/* Begin PBXFrameworksBuildPhase section */
		F5012B6B1F22876500A3458C /* Frameworks */ = {
			isa = PBXFrameworksBuildPhase;
			buildActionMask = 2147483647;
			files = (
			);
			runOnlyForDeploymentPostprocessing = 0;
		};
		F5012B7F1F22876600A3458C /* Frameworks */ = {
			isa = PBXFrameworksBuildPhase;
			buildActionMask = 2147483647;
			files = (
			);
			runOnlyForDeploymentPostprocessing = 0;
		};
/* End PBXFrameworksBuildPhase section */

/* Begin PBXGroup section */
		F5012B651F22876500A3458C = {
			isa = PBXGroup;
			children = (
				F5012B701F22876500A3458C /* FoodTracker */,
				F5012B851F22876600A3458C /* FoodTrackerTests */,
				F5012B6F1F22876500A3458C /* Products */,
			);
			sourceTree = "<group>";
		};
		F5012B6F1F22876500A3458C /* Products */ = {
			isa = PBXGroup;
			children = (
				F5012B6E1F22876500A3458C /* FoodTracker.app */,
				F5012B821F22876600A3458C /* FoodTrackerTests.xctest */,
			);
			name = Products;
			sourceTree = "<group>";
		};
		F5012B701F22876500A3458C /* FoodTracker */ = {
			isa = PBXGroup;
			children = (
				F5012B711F22876500A3458C /* AppDelegate.swift */,
				F5012B731F22876500A3458C /* ViewController.swift */,
				F5012B751F22876500A3458C /* Main.storyboard */,
				F5012B781F22876600A3458C /* Assets.xcassets */,
				F5012B7A1F22876600A3458C /* LaunchScreen.storyboard */,
				F5012B7D1F22876600A3458C /* Info.plist */,
			);
			path = FoodTracker;
			sourceTree = "<group>";
		};
		F5012B851F22876600A3458C /* FoodTrackerTests */ = {
			isa = PBXGroup;
			children = (
				F5012B861F22876600A3458C /* FoodTrackerTests.swift */,
				F5012B881F22876600A3458C /* Info.plist */,
			);
			path = FoodTrackerTests;
			sourceTree = "<group>";
		};
/* End PBXGroup section */

/* Begin PBXNativeTarget section */
		F5012B6D1F22876500A3458C /* FoodTracker */ = {
			isa = PBXNativeTarget;
			buildConfigurationList = F5012B8B1F22876600A3458C /* Build configuration list for PBXNativeTarget "FoodTracker" */;
			buildPhases = (
				F5012B6A1F22876500A3458C /* Sources */,
				F5012B6B1F22876500A3458C /* Frameworks */,
				F5012B6C1F22876500A3458C /* Resources */,
			);
			buildRules = (
			);
			dependencies = (
			);
			name = FoodTracker;
			productName = FoodTracker;
			productReference = F5012B6E1F22876500A3458C /* FoodTracker.app */;
			productType = "com.apple.product-type.application";
		};
		F5012B811F22876600A3458C /* FoodTrackerTests */ = {
			isa = PBXNativeTarget;
			buildConfigurationList = F5012B8E1F22876600A3458C /* Build configuration list for PBXNativeTarget "FoodTrackerTests" */;
			buildPhases = (
				F5012B7E1F22876600A3458C /* Sources */,
				F5012B7F1F22876600A3458C /* Frameworks */,
				F5012B801F22876600A3458C /* Resources */,
			);
			buildRules = (
			);
			dependencies = (
				F5012B841F22876600A3458C /* PBXTargetDependency */,
			);
			name = FoodTrackerTests;
			productName = FoodTrackerTests;
			productReference = F5012B821F22876600A3458C /* FoodTrackerTests.xctest */;
			productType = "com.apple.product-type.bundle.unit-test";
		};
/* End PBXNativeTarget section */

/* Begin PBXProject section */
		F5012B661F22876500A3458C /* Project object */ = {
			isa = PBXProject;
			attributes = {
				LastSwiftUpdateCheck = 0830;
				LastUpgradeCheck = 0830;
				ORGANIZATIONNAME = "Adel Amodwala";
				TargetAttributes = {
					F5012B6D1F22876500A3458C = {
						CreatedOnToolsVersion = 8.3.3;
						DevelopmentTeam = BXG36P3LDT;
						ProvisioningStyle = Automatic;
					};
					F5012B811F22876600A3458C = {
						CreatedOnToolsVersion = 8.3.3;
						DevelopmentTeam = BXG36P3LDT;
						ProvisioningStyle = Automatic;
						TestTargetID = F5012B6D1F22876500A3458C;
					};
				};
			};
			buildConfigurationList = F5012B691F22876500A3458C /* Build configuration list for PBXProject "FoodTracker" */;
			compatibilityVersion = "Xcode 3.2";
			developmentRegion = English;
			hasScannedForEncodings = 0;
			knownRegions = (
				en,
				Base,
			);
			mainGroup = F5012B651F22876500A3458C;
			productRefGroup = F5012B6F1F22876500A3458C /* Products */;
			projectDirPath = "";
			projectRoot = "";
			targets = (
				F5012B6D1F22876500A3458C /* FoodTracker */,
				F5012B811F22876600A3458C /* FoodTrackerTests */,
			);
		};
/* End PBXProject section */

/* Begin PBXResourcesBuildPhase section */
		F5012B6C1F22876500A3458C /* Resources */ = {
			isa = PBXResourcesBuildPhase;
			buildActionMask = 2147483647;
			files = (
				F5012B7C1F22876600A3458C /* LaunchScreen.storyboard in Resources */,
				F5012B791F22876600A3458C /* Assets.xcassets in Resources */,
				F5012B771F22876600A3458C /* Main.storyboard in Resources */,
			);
			runOnlyForDeploymentPostprocessing = 0;
		};
		F5012B801F22876600A3458C /* Resources */ = {
			isa = PBXResourcesBuildPhase;
			buildActionMask = 2147483647;
			files = (
			);
			runOnlyForDeploymentPostprocessing = 0;
		};
/* End PBXResourcesBuildPhase section */

/* Begin PBXSourcesBuildPhase section */
		F5012B6A1F22876500A3458C /* Sources */ = {
			isa = PBXSourcesBuildPhase;
			buildActionMask = 2147483647;
			files = (
				F5012B741F22876500A3458C /* ViewController.swift in Sources */,
				F5012B721F22876500A3458C /* AppDelegate.swift in Sources */,
			);
			runOnlyForDeploymentPostprocessing = 0;
		};
		F5012B7E1F22876600A3458C /* Sources */ = {
			isa = PBXSourcesBuildPhase;
			buildActionMask = 2147483647;
			files = (
				F5012B871F22876600A3458C /* FoodTrackerTests.swift in Sources */,
			);
			runOnlyForDeploymentPostprocessing = 0;
		};
/* End PBXSourcesBuildPhase section */

/* Begin PBXTargetDependency section */
		F5012B841F22876600A3458C /* PBXTargetDependency */ = {
			isa = PBXTargetDependency;
			target = F5012B6D1F22876500A3458C /* FoodTracker */;
			targetProxy = F5012B831F22876600A3458C /* PBXContainerItemProxy */;
		};
/* End PBXTargetDependency section */

/* Begin PBXVariantGroup section */
		F5012B751F22876500A3458C /* Main.storyboard */ = {
			isa = PBXVariantGroup;
			children = (
				F5012B761F22876500A3458C /* Base */,
			);
			name = Main.storyboard;
			sourceTree = "<group>";
		};
		F5012B7A1F22876600A3458C /* LaunchScreen.storyboard */ = {
			isa = PBXVariantGroup;
			children = (
				F5012B7B1F22876600A3458C /* Base */,
			);
			name = LaunchScreen.storyboard;
			sourceTree = "<group>";
		};
/* End PBXVariantGroup section */

/* Begin XCBuildConfiguration section */
		F5012B891F22876600A3458C /* Debug */ = {
			isa = XCBuildConfiguration;
			buildSettings = {
				ALWAYS_SEARCH_USER_PATHS = NO;
				CLANG_ANALYZER_NONNULL = YES;
				CLANG_ANALYZER_NUMBER_OBJECT_CONVERSION = YES_AGGRESSIVE;
				CLANG_CXX_LANGUAGE_STANDARD = "gnu++0x";
				CLANG_CXX_LIBRARY = "libc++";
				CLANG_ENABLE_MODULES = YES;
				CLANG_ENABLE_OBJC_ARC = YES;
				CLANG_WARN_BOOL_CONVERSION = YES;
				CLANG_WARN_CONSTANT_CONVERSION = YES;
				CLANG_WARN_DIRECT_OBJC_ISA_USAGE = YES_ERROR;
				CLANG_WARN_DOCUMENTATION_COMMENTS = YES;
				CLANG_WARN_EMPTY_BODY = YES;
				CLANG_WARN_ENUM_CONVERSION = YES;
				CLANG_WARN_INFINITE_RECURSION = YES;
				CLANG_WARN_INT_CONVERSION = YES;
				CLANG_WARN_OBJC_ROOT_CLASS = YES_ERROR;
				CLANG_WARN_SUSPICIOUS_MOVE = YES;
				CLANG_WARN_UNREACHABLE_CODE = YES;
				CLANG_WARN__DUPLICATE_METHOD_MATCH = YES;
				"CODE_SIGN_IDENTITY[sdk=iphoneos*]" = "iPhone Developer";
				COPY_PHASE_STRIP = NO;
				DEBUG_INFORMATION_FORMAT = dwarf;
				ENABLE_STRICT_OBJC_MSGSEND = YES;
				ENABLE_TESTABILITY = YES;
				GCC_C_LANGUAGE_STANDARD = gnu99;
				GCC_DYNAMIC_NO_PIC = NO;
				GCC_NO_COMMON_BLOCKS = YES;
				GCC_OPTIMIZATION_LEVEL = 0;
				GCC_PREPROCESSOR_DEFINITIONS = (
					"DEBUG=1",
					"$(inherited)",
				);
				GCC_WARN_64_TO_32_BIT_CONVERSION = YES;
				GCC_WARN_ABOUT_RETURN_TYPE = YES_ERROR;
				GCC_WARN_UNDECLARED_SELECTOR = YES;
				GCC_WARN_UNINITIALIZED_AUTOS = YES_AGGRESSIVE;
				GCC_WARN_UNUSED_FUNCTION = YES;
				GCC_WARN_UNUSED_VARIABLE = YES;
				IPHONEOS_DEPLOYMENT_TARGET = 10.3;
				MTL_ENABLE_DEBUG_INFO = YES;
				ONLY_ACTIVE_ARCH = YES;
				SDKROOT = iphoneos;
				SWIFT_ACTIVE_COMPILATION_CONDITIONS = DEBUG;
				SWIFT_OPTIMIZATION_LEVEL = "-Onone";
				TARGETED_DEVICE_FAMILY = "1,2";
			};
			name = Debug;
		};
		F5012B8A1F22876600A3458C /* Release */ = {
			isa = XCBuildConfiguration;
			buildSettings = {
				ALWAYS_SEARCH_USER_PATHS = NO;
				CLANG_ANALYZER_NONNULL = YES;
				CLANG_ANALYZER_NUMBER_OBJECT_CONVERSION = YES_AGGRESSIVE;
				CLANG_CXX_LANGUAGE_STANDARD = "gnu++0x";
				CLANG_CXX_LIBRARY = "libc++";
				CLANG_ENABLE_MODULES = YES;
				CLANG_ENABLE_OBJC_ARC = YES;
				CLANG_WARN_BOOL_CONVERSION = YES;
				CLANG_WARN_CONSTANT_CONVERSION = YES;
				CLANG_WARN_DIRECT_OBJC_ISA_USAGE = YES_ERROR;
				CLANG_WARN_DOCUMENTATION_COMMENTS = YES;
				CLANG_WARN_EMPTY_BODY = YES;
				CLANG_WARN_ENUM_CONVERSION = YES;
				CLANG_WARN_INFINITE_RECURSION = YES;
				CLANG_WARN_INT_CONVERSION = YES;
				CLANG_WARN_OBJC_ROOT_CLASS = YES_ERROR;
				CLANG_WARN_SUSPICIOUS_MOVE = YES;
				CLANG_WARN_UNREACHABLE_CODE = YES;
				CLANG_WARN__DUPLICATE_METHOD_MATCH = YES;
				"CODE_SIGN_IDENTITY[sdk=iphoneos*]" = "iPhone Developer";
				COPY_PHASE_STRIP = NO;
				DEBUG_INFORMATION_FORMAT = "dwarf-with-dsym";
				ENABLE_NS_ASSERTIONS = NO;
				ENABLE_STRICT_OBJC_MSGSEND = YES;
				GCC_C_LANGUAGE_STANDARD = gnu99;
				GCC_NO_COMMON_BLOCKS = YES;
				GCC_WARN_64_TO_32_BIT_CONVERSION = YES;
				GCC_WARN_ABOUT_RETURN_TYPE = YES_ERROR;
				GCC_WARN_UNDECLARED_SELECTOR = YES;
				GCC_WARN_UNINITIALIZED_AUTOS = YES_AGGRESSIVE;
				GCC_WARN_UNUSED_FUNCTION = YES;
				GCC_WARN_UNUSED_VARIABLE = YES;
				IPHONEOS_DEPLOYMENT_TARGET = 10.3;
				MTL_ENABLE_DEBUG_INFO = NO;
				SDKROOT = iphoneos;
				SWIFT_OPTIMIZATION_LEVEL = "-Owholemodule";
				TARGETED_DEVICE_FAMILY = "1,2";
				VALIDATE_PRODUCT = YES;
			};
			name = Release;
		};
		F5012B8C1F22876600A3458C /* Debug */ = {
			isa = XCBuildConfiguration;
			buildSettings = {
				ASSETCATALOG_COMPILER_APPICON_NAME = AppIcon;
				DEVELOPMENT_TEAM = BXG36P3LDT;
				INFOPLIST_FILE = FoodTracker/Info.plist;
				LD_RUNPATH_SEARCH_PATHS = "$(inherited) @executable_path/Frameworks";
				PRODUCT_BUNDLE_IDENTIFIER = com.adel.amodwala.FoodTracker;
				PRODUCT_NAME = "$(TARGET_NAME)";
				SWIFT_VERSION = 3.0;
			};
			name = Debug;
		};
		F5012B8D1F22876600A3458C /* Release */ = {
			isa = XCBuildConfiguration;
			buildSettings = {
				ASSETCATALOG_COMPILER_APPICON_NAME = AppIcon;
				DEVELOPMENT_TEAM = BXG36P3LDT;
				INFOPLIST_FILE = FoodTracker/Info.plist;
				LD_RUNPATH_SEARCH_PATHS = "$(inherited) @executable_path/Frameworks";
				PRODUCT_BUNDLE_IDENTIFIER = com.adel.amodwala.FoodTracker;
				PRODUCT_NAME = "$(TARGET_NAME)";
				SWIFT_VERSION = 3.0;
			};
			name = Release;
		};
		F5012B8F1F22876600A3458C /* Debug */ = {
			isa = XCBuildConfiguration;
			buildSettings = {
				ALWAYS_EMBED_SWIFT_STANDARD_LIBRARIES = YES;
				BUNDLE_LOADER = "$(TEST_HOST)";
				DEVELOPMENT_TEAM = BXG36P3LDT;
				INFOPLIST_FILE = FoodTrackerTests/Info.plist;
				LD_RUNPATH_SEARCH_PATHS = "$(inherited) @executable_path/Frameworks @loader_path/Frameworks";
				PRODUCT_BUNDLE_IDENTIFIER = com.adel.amodwala.FoodTrackerTests;
				PRODUCT_NAME = "$(TARGET_NAME)";
				SWIFT_VERSION = 3.0;
				TEST_HOST = "$(BUILT_PRODUCTS_DIR)/FoodTracker.app/FoodTracker";
			};
			name = Debug;
		};
		F5012B901F22876600A3458C /* Release */ = {
			isa = XCBuildConfiguration;
			buildSettings = {
				ALWAYS_EMBED_SWIFT_STANDARD_LIBRARIES = YES;
				BUNDLE_LOADER = "$(TEST_HOST)";
				DEVELOPMENT_TEAM = BXG36P3LDT;
				INFOPLIST_FILE = FoodTrackerTests/Info.plist;
				LD_RUNPATH_SEARCH_PATHS = "$(inherited) @executable_path/Frameworks @loader_path/Frameworks";
				PRODUCT_BUNDLE_IDENTIFIER = com.adel.amodwala.FoodTrackerTests;
				PRODUCT_NAME = "$(TARGET_NAME)";
				SWIFT_VERSION = 3.0;
				TEST_HOST = "$(BUILT_PRODUCTS_DIR)/FoodTracker.app/FoodTracker";
			};
			name = Release;
		};
/* End XCBuildConfiguration section */

/* Begin XCConfigurationList section */
		F5012B691F22876500A3458C /* Build configuration list for PBXProject "FoodTracker" */ = {
			isa = XCConfigurationList;
			buildConfigurations = (
				F5012B891F22876600A3458C /* Debug */,
				F5012B8A1F22876600A3458C /* Release */,
			);
			defaultConfigurationIsVisible = 0;
			defaultConfigurationName = Release;
		};
		F5012B8B1F22876600A3458C /* Build configuration list for PBXNativeTarget "FoodTracker" */ = {
			isa = XCConfigurationList;
			buildConfigurations = (
				F5012B8C1F22876600A3458C /* Debug */,
				F5012B8D1F22876600A3458C /* Release */,
			);
			defaultConfigurationIsVisible = 0;
		};
		F5012B8E1F22876600A3458C /* Build configuration list for PBXNativeTarget "FoodTrackerTests" */ = {
			isa = XCConfigurationList;
			buildConfigurations = (
				F5012B8F1F22876600A3458C /* Debug */,
				F5012B901F22876600A3458C /* Release */,
			);
			defaultConfigurationIsVisible = 0;
		};
/* End XCConfigurationList section */
	};
	rootObject = F5012B661F22876500A3458C /* Project object */;
}
